
Microsoft Visual Studio Solution File, Format Version 12.00
# Visual Studio Version 17
VisualStudioVersion = 17.13.35818.85 d17.13
MinimumVisualStudioVersion = 10.0.40219.1
Project("{FAE04EC0-301F-11D3-BF4B-00C04F79EFBC}") = "CybersecurityChatbotGUI", "CybersecurityChatbotGUI.csproj", "{A327562A-81C0-4056-A793-73B245ABE24D}"
EndProject
Global
	GlobalSection(SolutionConfigurationPlatforms) = preSolution
		Debug|Any CPU = Debug|Any CPU
		Release|Any CPU = Release|Any CPU
	EndGlobalSection
	GlobalSection(ProjectConfigurationPlatforms) = postSolution
		{A327562A-81C0-4056-A793-73B245ABE24D}.Debug|Any CPU.ActiveCfg = Debug|Any CPU
		{A327562A-81C0-4056-A793-73B245ABE24D}.Debug|Any CPU.Build.0 = Debug|Any CPU
		{A327562A-81C0-4056-A793-73B245ABE24D}.Release|Any CPU.ActiveCfg = Release|Any CPU
		{A327562A-81C0-4056-A793-73B245ABE24D}.Release|Any CPU.Build.0 = Release|Any CPU
	EndGlobalSection
	GlobalSection(SolutionProperties) = preSolution
		HideSolutionNode = FALSE
	EndGlobalSection
	GlobalSection(ExtensibilityGlobals) = postSolution
		SolutionGuid = {5536E53E-0A7F-42C9-B583-862FD786E300}
	EndGlobalSection
EndGlobal
